// !$*UTF8*$!
{
	archiveVersion = 1;
	classes = {
	};
	objectVersion = 56;
	objects = {

/* Begin PBXBuildFile section */
		D15B9D4429216CA50007A22C /* AppDelegate.swift in Sources */ = {isa = PBXBuildFile; fileRef = D15B9D4329216CA50007A22C /* AppDelegate.swift */; };
		D15B9D4829216CA50007A22C /* HomeController.swift in Sources */ = {isa = PBXBuildFile; fileRef = D15B9D4729216CA50007A22C /* HomeController.swift */; };
		D15B9D4D29216CA80007A22C /* Assets.xcassets in Resources */ = {isa = PBXBuildFile; fileRef = D15B9D4C29216CA80007A22C /* Assets.xcassets */; };
		D15B9D5029216CA80007A22C /* LaunchScreen.storyboard in Resources */ = {isa = PBXBuildFile; fileRef = D15B9D4E29216CA80007A22C /* LaunchScreen.storyboard */; };
		D15B9D6229216DE30007A22C /* HomeViewModel.swift in Sources */ = {isa = PBXBuildFile; fileRef = D15B9D6129216DE30007A22C /* HomeViewModel.swift */; };
		D15B9D65292170030007A22C /* UIView+Extension.swift in Sources */ = {isa = PBXBuildFile; fileRef = D15B9D64292170030007A22C /* UIView+Extension.swift */; };
		D15B9D68292172780007A22C /* Networker.swift in Sources */ = {isa = PBXBuildFile; fileRef = D15B9D67292172780007A22C /* Networker.swift */; };
		D15B9D6A292172810007A22C /* Endpoint.swift in Sources */ = {isa = PBXBuildFile; fileRef = D15B9D69292172810007A22C /* Endpoint.swift */; };
		D15B9D70292173600007A22C /* NetflixEndpoint.swift in Sources */ = {isa = PBXBuildFile; fileRef = D15B9D6F292173600007A22C /* NetflixEndpoint.swift */; };
		D15B9D72292173FC0007A22C /* AppConstants.swift in Sources */ = {isa = PBXBuildFile; fileRef = D15B9D71292173FC0007A22C /* AppConstants.swift */; };
		D15B9D74292174D70007A22C /* Genre.swift in Sources */ = {isa = PBXBuildFile; fileRef = D15B9D73292174D70007A22C /* Genre.swift */; };
		D15B9D76292174F60007A22C /* BaseResponseModel.swift in Sources */ = {isa = PBXBuildFile; fileRef = D15B9D75292174F60007A22C /* BaseResponseModel.swift */; };
		D15B9D78292175C30007A22C /* Movie.swift in Sources */ = {isa = PBXBuildFile; fileRef = D15B9D77292175C30007A22C /* Movie.swift */; };
		D15B9D7A29217A8F0007A22C /* NetworkError.swift in Sources */ = {isa = PBXBuildFile; fileRef = D15B9D7929217A8F0007A22C /* NetworkError.swift */; };
		D15B9D7E2921815D0007A22C /* Publisher+Extension.swift in Sources */ = {isa = PBXBuildFile; fileRef = D15B9D7D2921815D0007A22C /* Publisher+Extension.swift */; };
		D15B9D802921863C0007A22C /* MovieCollectionCell.swift in Sources */ = {isa = PBXBuildFile; fileRef = D15B9D7F2921863C0007A22C /* MovieCollectionCell.swift */; };
		D15B9D822921868E0007A22C /* GenreSectionHeaderView.swift in Sources */ = {isa = PBXBuildFile; fileRef = D15B9D812921868E0007A22C /* GenreSectionHeaderView.swift */; };
		D15B9D8529218BD30007A22C /* UIColor+Extension.swift in Sources */ = {isa = PBXBuildFile; fileRef = D15B9D8429218BD30007A22C /* UIColor+Extension.swift */; };
		D15B9D88292195CF0007A22C /* Kingfisher in Frameworks */ = {isa = PBXBuildFile; productRef = D15B9D87292195CF0007A22C /* Kingfisher */; };
/* End PBXBuildFile section */

/* Begin PBXFileReference section */
		D15B9D4029216CA50007A22C /* Netflix.app */ = {isa = PBXFileReference; explicitFileType = wrapper.application; includeInIndex = 0; path = Netflix.app; sourceTree = BUILT_PRODUCTS_DIR; };
		D15B9D4329216CA50007A22C /* AppDelegate.swift */ = {isa = PBXFileReference; lastKnownFileType = sourcecode.swift; path = AppDelegate.swift; sourceTree = "<group>"; };
		D15B9D4729216CA50007A22C /* HomeController.swift */ = {isa = PBXFileReference; lastKnownFileType = sourcecode.swift; path = HomeController.swift; sourceTree = "<group>"; };
		D15B9D4C29216CA80007A22C /* Assets.xcassets */ = {isa = PBXFileReference; lastKnownFileType = folder.assetcatalog; path = Assets.xcassets; sourceTree = "<group>"; };
		D15B9D4F29216CA80007A22C /* Base */ = {isa = PBXFileReference; lastKnownFileType = file.storyboard; name = Base; path = Base.lproj/LaunchScreen.storyboard; sourceTree = "<group>"; };
		D15B9D5129216CA80007A22C /* Info.plist */ = {isa = PBXFileReference; lastKnownFileType = text.plist.xml; path = Info.plist; sourceTree = "<group>"; };
		D15B9D6129216DE30007A22C /* HomeViewModel.swift */ = {isa = PBXFileReference; lastKnownFileType = sourcecode.swift; path = HomeViewModel.swift; sourceTree = "<group>"; };
		D15B9D64292170030007A22C /* UIView+Extension.swift */ = {isa = PBXFileReference; lastKnownFileType = sourcecode.swift; path = "UIView+Extension.swift"; sourceTree = "<group>"; };
		D15B9D67292172780007A22C /* Networker.swift */ = {isa = PBXFileReference; lastKnownFileType = sourcecode.swift; path = Networker.swift; sourceTree = "<group>"; };
		D15B9D69292172810007A22C /* Endpoint.swift */ = {isa = PBXFileReference; lastKnownFileType = sourcecode.swift; path = Endpoint.swift; sourceTree = "<group>"; };
		D15B9D6F292173600007A22C /* NetflixEndpoint.swift */ = {isa = PBXFileReference; lastKnownFileType = sourcecode.swift; path = NetflixEndpoint.swift; sourceTree = "<group>"; };
		D15B9D71292173FC0007A22C /* AppConstants.swift */ = {isa = PBXFileReference; lastKnownFileType = sourcecode.swift; path = AppConstants.swift; sourceTree = "<group>"; };
		D15B9D73292174D70007A22C /* Genre.swift */ = {isa = PBXFileReference; lastKnownFileType = sourcecode.swift; path = Genre.swift; sourceTree = "<group>"; };
		D15B9D75292174F60007A22C /* BaseResponseModel.swift */ = {isa = PBXFileReference; lastKnownFileType = sourcecode.swift; path = BaseResponseModel.swift; sourceTree = "<group>"; };
		D15B9D77292175C30007A22C /* Movie.swift */ = {isa = PBXFileReference; lastKnownFileType = sourcecode.swift; path = Movie.swift; sourceTree = "<group>"; };
		D15B9D7929217A8F0007A22C /* NetworkError.swift */ = {isa = PBXFileReference; lastKnownFileType = sourcecode.swift; path = NetworkError.swift; sourceTree = "<group>"; };
		D15B9D7D2921815D0007A22C /* Publisher+Extension.swift */ = {isa = PBXFileReference; lastKnownFileType = sourcecode.swift; path = "Publisher+Extension.swift"; sourceTree = "<group>"; };
		D15B9D7F2921863C0007A22C /* MovieCollectionCell.swift */ = {isa = PBXFileReference; lastKnownFileType = sourcecode.swift; path = MovieCollectionCell.swift; sourceTree = "<group>"; };
		D15B9D812921868E0007A22C /* GenreSectionHeaderView.swift */ = {isa = PBXFileReference; lastKnownFileType = sourcecode.swift; path = GenreSectionHeaderView.swift; sourceTree = "<group>"; };
		D15B9D8429218BD30007A22C /* UIColor+Extension.swift */ = {isa = PBXFileReference; lastKnownFileType = sourcecode.swift; path = "UIColor+Extension.swift"; sourceTree = "<group>"; };
/* End PBXFileReference section */

/* Begin PBXFrameworksBuildPhase section */
		D15B9D3D29216CA50007A22C /* Frameworks */ = {
			isa = PBXFrameworksBuildPhase;
			buildActionMask = 2147483647;
			files = (
				D15B9D88292195CF0007A22C /* Kingfisher in Frameworks */,
			);
			runOnlyForDeploymentPostprocessing = 0;
		};
/* End PBXFrameworksBuildPhase section */

/* Begin PBXGroup section */
		D15B9D3729216CA50007A22C = {
			isa = PBXGroup;
			children = (
				D15B9D4229216CA50007A22C /* Netflix */,
				D15B9D4129216CA50007A22C /* Products */,
			);
			sourceTree = "<group>";
		};
		D15B9D4129216CA50007A22C /* Products */ = {
			isa = PBXGroup;
			children = (
				D15B9D4029216CA50007A22C /* Netflix.app */,
			);
			name = Products;
			sourceTree = "<group>";
		};
		D15B9D4229216CA50007A22C /* Netflix */ = {
			isa = PBXGroup;
			children = (
				D15B9D5729216D0F0007A22C /* Application */,
				D15B9D5929216D320007A22C /* Presentation */,
				D15B9D66292172660007A22C /* Business Logic */,
				D15B9D5D29216D560007A22C /* Core */,
				D15B9D5C29216D4C0007A22C /* Utils */,
				D15B9D5829216D190007A22C /* SupportingFiles */,
			);
			path = Netflix;
			sourceTree = "<group>";
		};
		D15B9D5729216D0F0007A22C /* Application */ = {
			isa = PBXGroup;
			children = (
				D15B9D4329216CA50007A22C /* AppDelegate.swift */,
			);
			path = Application;
			sourceTree = "<group>";
		};
		D15B9D5829216D190007A22C /* SupportingFiles */ = {
			isa = PBXGroup;
			children = (
				D15B9D4C29216CA80007A22C /* Assets.xcassets */,
				D15B9D4E29216CA80007A22C /* LaunchScreen.storyboard */,
				D15B9D5129216CA80007A22C /* Info.plist */,
			);
			path = SupportingFiles;
			sourceTree = "<group>";
		};
		D15B9D5929216D320007A22C /* Presentation */ = {
			isa = PBXGroup;
			children = (
				D15B9D5A29216D390007A22C /* ViewControllers */,
				D15B9D5B29216D420007A22C /* Views */,
			);
			path = Presentation;
			sourceTree = "<group>";
		};
		D15B9D5A29216D390007A22C /* ViewControllers */ = {
			isa = PBXGroup;
			children = (
				D15B9D5E29216DBC0007A22C /* Home */,
			);
			path = ViewControllers;
			sourceTree = "<group>";
		};
		D15B9D5B29216D420007A22C /* Views */ = {
			isa = PBXGroup;
			children = (
				D15B9D7F2921863C0007A22C /* MovieCollectionCell.swift */,
				D15B9D812921868E0007A22C /* GenreSectionHeaderView.swift */,
			);
			path = Views;
			sourceTree = "<group>";
		};
		D15B9D5C29216D4C0007A22C /* Utils */ = {
			isa = PBXGroup;
			children = (
				D15B9D6329216FF50007A22C /* Extensions */,
				D15B9D71292173FC0007A22C /* AppConstants.swift */,
			);
			path = Utils;
			sourceTree = "<group>";
		};
		D15B9D5D29216D560007A22C /* Core */ = {
			isa = PBXGroup;
			children = (
				D15B9D67292172780007A22C /* Networker.swift */,
				D15B9D69292172810007A22C /* Endpoint.swift */,
				D15B9D7929217A8F0007A22C /* NetworkError.swift */,
			);
			path = Core;
			sourceTree = "<group>";
		};
		D15B9D5E29216DBC0007A22C /* Home */ = {
			isa = PBXGroup;
			children = (
				D15B9D4729216CA50007A22C /* HomeController.swift */,
			);
			path = Home;
			sourceTree = "<group>";
		};
		D15B9D6329216FF50007A22C /* Extensions */ = {
			isa = PBXGroup;
			children = (
				D15B9D64292170030007A22C /* UIView+Extension.swift */,
				D15B9D7D2921815D0007A22C /* Publisher+Extension.swift */,
				D15B9D8429218BD30007A22C /* UIColor+Extension.swift */,
			);
			path = Extensions;
			sourceTree = "<group>";
		};
		D15B9D66292172660007A22C /* Business Logic */ = {
			isa = PBXGroup;
			children = (
				D15B9D6E292173480007A22C /* ViewModels */,
				D15B9D6C2921731A0007A22C /* Models */,
				D15B9D6B292173080007A22C /* Services */,
			);
			path = "Business Logic";
			sourceTree = "<group>";
		};
		D15B9D6B292173080007A22C /* Services */ = {
			isa = PBXGroup;
			children = (
				D15B9D6D292173350007A22C /* Endpoints */,
			);
			path = Services;
			sourceTree = "<group>";
		};
		D15B9D6C2921731A0007A22C /* Models */ = {
			isa = PBXGroup;
			children = (
				D15B9D73292174D70007A22C /* Genre.swift */,
				D15B9D75292174F60007A22C /* BaseResponseModel.swift */,
				D15B9D77292175C30007A22C /* Movie.swift */,
			);
			path = Models;
			sourceTree = "<group>";
		};
		D15B9D6D292173350007A22C /* Endpoints */ = {
			isa = PBXGroup;
			children = (
				D15B9D6F292173600007A22C /* NetflixEndpoint.swift */,
			);
			path = Endpoints;
			sourceTree = "<group>";
		};
		D15B9D6E292173480007A22C /* ViewModels */ = {
			isa = PBXGroup;
			children = (
				D15B9D6129216DE30007A22C /* HomeViewModel.swift */,
			);
			path = ViewModels;
			sourceTree = "<group>";
		};
/* End PBXGroup section */

/* Begin PBXNativeTarget section */
		D15B9D3F29216CA50007A22C /* Netflix */ = {
			isa = PBXNativeTarget;
			buildConfigurationList = D15B9D5429216CA80007A22C /* Build configuration list for PBXNativeTarget "Netflix" */;
			buildPhases = (
				D15B9D3C29216CA50007A22C /* Sources */,
				D15B9D3D29216CA50007A22C /* Frameworks */,
				D15B9D3E29216CA50007A22C /* Resources */,
			);
			buildRules = (
			);
			dependencies = (
			);
			name = Netflix;
			packageProductDependencies = (
				D15B9D87292195CF0007A22C /* Kingfisher */,
			);
			productName = Netflix;
			productReference = D15B9D4029216CA50007A22C /* Netflix.app */;
			productType = "com.apple.product-type.application";
		};
/* End PBXNativeTarget section */

/* Begin PBXProject section */
		D15B9D3829216CA50007A22C /* Project object */ = {
			isa = PBXProject;
			attributes = {
				BuildIndependentTargetsInParallel = 1;
				LastSwiftUpdateCheck = 1400;
				LastUpgradeCheck = 1400;
				TargetAttributes = {
					D15B9D3F29216CA50007A22C = {
						CreatedOnToolsVersion = 14.0.1;
					};
				};
			};
			buildConfigurationList = D15B9D3B29216CA50007A22C /* Build configuration list for PBXProject "Netflix" */;
			compatibilityVersion = "Xcode 14.0";
			developmentRegion = en;
			hasScannedForEncodings = 0;
			knownRegions = (
				en,
				Base,
			);
			mainGroup = D15B9D3729216CA50007A22C;
			packageReferences = (
				D15B9D86292195CF0007A22C /* XCRemoteSwiftPackageReference "Kingfisher" */,
			);
			productRefGroup = D15B9D4129216CA50007A22C /* Products */;
			projectDirPath = "";
			projectRoot = "";
			targets = (
				D15B9D3F29216CA50007A22C /* Netflix */,
			);
		};
/* End PBXProject section */

/* Begin PBXResourcesBuildPhase section */
		D15B9D3E29216CA50007A22C /* Resources */ = {
			isa = PBXResourcesBuildPhase;
			buildActionMask = 2147483647;
			files = (
				D15B9D5029216CA80007A22C /* LaunchScreen.storyboard in Resources */,
				D15B9D4D29216CA80007A22C /* Assets.xcassets in Resources */,
			);
			runOnlyForDeploymentPostprocessing = 0;
		};
/* End PBXResourcesBuildPhase section */

/* Begin PBXSourcesBuildPhase section */
		D15B9D3C29216CA50007A22C /* Sources */ = {
			isa = PBXSourcesBuildPhase;
			buildActionMask = 2147483647;
			files = (
				D15B9D74292174D70007A22C /* Genre.swift in Sources */,
				D15B9D76292174F60007A22C /* BaseResponseModel.swift in Sources */,
				D15B9D7E2921815D0007A22C /* Publisher+Extension.swift in Sources */,
				D15B9D70292173600007A22C /* NetflixEndpoint.swift in Sources */,
				D15B9D822921868E0007A22C /* GenreSectionHeaderView.swift in Sources */,
				D15B9D68292172780007A22C /* Networker.swift in Sources */,
				D15B9D4829216CA50007A22C /* HomeController.swift in Sources */,
				D15B9D8529218BD30007A22C /* UIColor+Extension.swift in Sources */,
				D15B9D72292173FC0007A22C /* AppConstants.swift in Sources */,
				D15B9D6229216DE30007A22C /* HomeViewModel.swift in Sources */,
				D15B9D65292170030007A22C /* UIView+Extension.swift in Sources */,
				D15B9D6A292172810007A22C /* Endpoint.swift in Sources */,
				D15B9D802921863C0007A22C /* MovieCollectionCell.swift in Sources */,
				D15B9D7A29217A8F0007A22C /* NetworkError.swift in Sources */,
				D15B9D78292175C30007A22C /* Movie.swift in Sources */,
				D15B9D4429216CA50007A22C /* AppDelegate.swift in Sources */,
			);
			runOnlyForDeploymentPostprocessing = 0;
		};
/* End PBXSourcesBuildPhase section */

/* Begin PBXVariantGroup section */
		D15B9D4E29216CA80007A22C /* LaunchScreen.storyboard */ = {
			isa = PBXVariantGroup;
			children = (
				D15B9D4F29216CA80007A22C /* Base */,
			);
			name = LaunchScreen.storyboard;
			sourceTree = "<group>";
		};
/* End PBXVariantGroup section */

/* Begin XCBuildConfiguration section */
		D15B9D5229216CA80007A22C /* Debug */ = {
			isa = XCBuildConfiguration;
			buildSettings = {
				ALWAYS_SEARCH_USER_PATHS = NO;
				CLANG_ANALYZER_NONNULL = YES;
				CLANG_ANALYZER_NUMBER_OBJECT_CONVERSION = YES_AGGRESSIVE;
				CLANG_CXX_LANGUAGE_STANDARD = "gnu++20";
				CLANG_ENABLE_MODULES = YES;
				CLANG_ENABLE_OBJC_ARC = YES;
				CLANG_ENABLE_OBJC_WEAK = YES;
				CLANG_WARN_BLOCK_CAPTURE_AUTORELEASING = YES;
				CLANG_WARN_BOOL_CONVERSION = YES;
				CLANG_WARN_COMMA = YES;
				CLANG_WARN_CONSTANT_CONVERSION = YES;
				CLANG_WARN_DEPRECATED_OBJC_IMPLEMENTATIONS = YES;
				CLANG_WARN_DIRECT_OBJC_ISA_USAGE = YES_ERROR;
				CLANG_WARN_DOCUMENTATION_COMMENTS = YES;
				CLANG_WARN_EMPTY_BODY = YES;
				CLANG_WARN_ENUM_CONVERSION = YES;
				CLANG_WARN_INFINITE_RECURSION = YES;
				CLANG_WARN_INT_CONVERSION = YES;
				CLANG_WARN_NON_LITERAL_NULL_CONVERSION = YES;
				CLANG_WARN_OBJC_IMPLICIT_RETAIN_SELF = YES;
				CLANG_WARN_OBJC_LITERAL_CONVERSION = YES;
				CLANG_WARN_OBJC_ROOT_CLASS = YES_ERROR;
				CLANG_WARN_QUOTED_INCLUDE_IN_FRAMEWORK_HEADER = YES;
				CLANG_WARN_RANGE_LOOP_ANALYSIS = YES;
				CLANG_WARN_STRICT_PROTOTYPES = YES;
				CLANG_WARN_SUSPICIOUS_MOVE = YES;
				CLANG_WARN_UNGUARDED_AVAILABILITY = YES_AGGRESSIVE;
				CLANG_WARN_UNREACHABLE_CODE = YES;
				CLANG_WARN__DUPLICATE_METHOD_MATCH = YES;
				COPY_PHASE_STRIP = NO;
				DEBUG_INFORMATION_FORMAT = dwarf;
				ENABLE_STRICT_OBJC_MSGSEND = YES;
				ENABLE_TESTABILITY = YES;
				GCC_C_LANGUAGE_STANDARD = gnu11;
				GCC_DYNAMIC_NO_PIC = NO;
				GCC_NO_COMMON_BLOCKS = YES;
				GCC_OPTIMIZATION_LEVEL = 0;
				GCC_PREPROCESSOR_DEFINITIONS = (
					"DEBUG=1",
					"$(inherited)",
				);
				GCC_WARN_64_TO_32_BIT_CONVERSION = YES;
				GCC_WARN_ABOUT_RETURN_TYPE = YES_ERROR;
				GCC_WARN_UNDECLARED_SELECTOR = YES;
				GCC_WARN_UNINITIALIZED_AUTOS = YES_AGGRESSIVE;
				GCC_WARN_UNUSED_FUNCTION = YES;
				GCC_WARN_UNUSED_VARIABLE = YES;
				IPHONEOS_DEPLOYMENT_TARGET = 16.0;
				MTL_ENABLE_DEBUG_INFO = INCLUDE_SOURCE;
				MTL_FAST_MATH = YES;
				ONLY_ACTIVE_ARCH = YES;
				SDKROOT = iphoneos;
				SWIFT_ACTIVE_COMPILATION_CONDITIONS = DEBUG;
				SWIFT_OPTIMIZATION_LEVEL = "-Onone";
			};
			name = Debug;
		};
		D15B9D5329216CA80007A22C /* Release */ = {
			isa = XCBuildConfiguration;
			buildSettings = {
				ALWAYS_SEARCH_USER_PATHS = NO;
				CLANG_ANALYZER_NONNULL = YES;
				CLANG_ANALYZER_NUMBER_OBJECT_CONVERSION = YES_AGGRESSIVE;
				CLANG_CXX_LANGUAGE_STANDARD = "gnu++20";
				CLANG_ENABLE_MODULES = YES;
				CLANG_ENABLE_OBJC_ARC = YES;
				CLANG_ENABLE_OBJC_WEAK = YES;
				CLANG_WARN_BLOCK_CAPTURE_AUTORELEASING = YES;
				CLANG_WARN_BOOL_CONVERSION = YES;
				CLANG_WARN_COMMA = YES;
				CLANG_WARN_CONSTANT_CONVERSION = YES;
				CLANG_WARN_DEPRECATED_OBJC_IMPLEMENTATIONS = YES;
				CLANG_WARN_DIRECT_OBJC_ISA_USAGE = YES_ERROR;
				CLANG_WARN_DOCUMENTATION_COMMENTS = YES;
				CLANG_WARN_EMPTY_BODY = YES;
				CLANG_WARN_ENUM_CONVERSION = YES;
				CLANG_WARN_INFINITE_RECURSION = YES;
				CLANG_WARN_INT_CONVERSION = YES;
				CLANG_WARN_NON_LITERAL_NULL_CONVERSION = YES;
				CLANG_WARN_OBJC_IMPLICIT_RETAIN_SELF = YES;
				CLANG_WARN_OBJC_LITERAL_CONVERSION = YES;
				CLANG_WARN_OBJC_ROOT_CLASS = YES_ERROR;
				CLANG_WARN_QUOTED_INCLUDE_IN_FRAMEWORK_HEADER = YES;
				CLANG_WARN_RANGE_LOOP_ANALYSIS = YES;
				CLANG_WARN_STRICT_PROTOTYPES = YES;
				CLANG_WARN_SUSPICIOUS_MOVE = YES;
				CLANG_WARN_UNGUARDED_AVAILABILITY = YES_AGGRESSIVE;
				CLANG_WARN_UNREACHABLE_CODE = YES;
				CLANG_WARN__DUPLICATE_METHOD_MATCH = YES;
				COPY_PHASE_STRIP = NO;
				DEBUG_INFORMATION_FORMAT = "dwarf-with-dsym";
				ENABLE_NS_ASSERTIONS = NO;
				ENABLE_STRICT_OBJC_MSGSEND = YES;
				GCC_C_LANGUAGE_STANDARD = gnu11;
				GCC_NO_COMMON_BLOCKS = YES;
				GCC_WARN_64_TO_32_BIT_CONVERSION = YES;
				GCC_WARN_ABOUT_RETURN_TYPE = YES_ERROR;
				GCC_WARN_UNDECLARED_SELECTOR = YES;
				GCC_WARN_UNINITIALIZED_AUTOS = YES_AGGRESSIVE;
				GCC_WARN_UNUSED_FUNCTION = YES;
				GCC_WARN_UNUSED_VARIABLE = YES;
				IPHONEOS_DEPLOYMENT_TARGET = 16.0;
				MTL_ENABLE_DEBUG_INFO = NO;
				MTL_FAST_MATH = YES;
				SDKROOT = iphoneos;
				SWIFT_COMPILATION_MODE = wholemodule;
				SWIFT_OPTIMIZATION_LEVEL = "-O";
				VALIDATE_PRODUCT = YES;
			};
			name = Release;
		};
		D15B9D5529216CA80007A22C /* Debug */ = {
			isa = XCBuildConfiguration;
			buildSettings = {
				ASSETCATALOG_COMPILER_APPICON_NAME = AppIcon;
				ASSETCATALOG_COMPILER_GLOBAL_ACCENT_COLOR_NAME = AccentColor;
				CODE_SIGN_STYLE = Automatic;
				CURRENT_PROJECT_VERSION = 1;
				DEVELOPMENT_TEAM = MD56F4Y23U;
				GENERATE_INFOPLIST_FILE = YES;
				INFOPLIST_FILE = Netflix/SupportingFiles/Info.plist;
				INFOPLIST_KEY_UIApplicationSupportsIndirectInputEvents = YES;
				INFOPLIST_KEY_UILaunchStoryboardName = LaunchScreen;
				INFOPLIST_KEY_UISupportedInterfaceOrientations = UIInterfaceOrientationPortrait;
				INFOPLIST_KEY_UISupportedInterfaceOrientations_iPad = "UIInterfaceOrientationLandscapeLeft UIInterfaceOrientationLandscapeRight UIInterfaceOrientationPortrait UIInterfaceOrientationPortraitUpsideDown";
				IPHONEOS_DEPLOYMENT_TARGET = 15.0;
				LD_RUNPATH_SEARCH_PATHS = (
					"$(inherited)",
					"@executable_path/Frameworks",
				);
				MARKETING_VERSION = 1.0;
				PRODUCT_BUNDLE_IDENTIFIER = com.floward.Netflix;
				PRODUCT_NAME = "$(TARGET_NAME)";
				SWIFT_EMIT_LOC_STRINGS = YES;
				SWIFT_VERSION = 5.0;
				TARGETED_DEVICE_FAMILY = "1,2";
			};
			name = Debug;
		};
		D15B9D5629216CA80007A22C /* Release */ = {
			isa = XCBuildConfiguration;
			buildSettings = {
				ASSETCATALOG_COMPILER_APPICON_NAME = AppIcon;
				ASSETCATALOG_COMPILER_GLOBAL_ACCENT_COLOR_NAME = AccentColor;
				CODE_SIGN_STYLE = Automatic;
				CURRENT_PROJECT_VERSION = 1;
				DEVELOPMENT_TEAM = MD56F4Y23U;
				GENERATE_INFOPLIST_FILE = YES;
				INFOPLIST_FILE = Netflix/SupportingFiles/Info.plist;
				INFOPLIST_KEY_UIApplicationSupportsIndirectInputEvents = YES;
				INFOPLIST_KEY_UILaunchStoryboardName = LaunchScreen;
				INFOPLIST_KEY_UISupportedInterfaceOrientations = UIInterfaceOrientationPortrait;
				INFOPLIST_KEY_UISupportedInterfaceOrientations_iPad = "UIInterfaceOrientationLandscapeLeft UIInterfaceOrientationLandscapeRight UIInterfaceOrientationPortrait UIInterfaceOrientationPortraitUpsideDown";
				IPHONEOS_DEPLOYMENT_TARGET = 15.0;
				LD_RUNPATH_SEARCH_PATHS = (
					"$(inherited)",
					"@executable_path/Frameworks",
				);
				MARKETING_VERSION = 1.0;
				PRODUCT_BUNDLE_IDENTIFIER = com.floward.Netflix;
				PRODUCT_NAME = "$(TARGET_NAME)";
				SWIFT_EMIT_LOC_STRINGS = YES;
				SWIFT_VERSION = 5.0;
				TARGETED_DEVICE_FAMILY = "1,2";
			};
			name = Release;
		};
/* End XCBuildConfiguration section */

/* Begin XCConfigurationList section */
		D15B9D3B29216CA50007A22C /* Build configuration list for PBXProject "Netflix" */ = {
			isa = XCConfigurationList;
			buildConfigurations = (
				D15B9D5229216CA80007A22C /* Debug */,
				D15B9D5329216CA80007A22C /* Release */,
			);
			defaultConfigurationIsVisible = 0;
			defaultConfigurationName = Release;
		};
		D15B9D5429216CA80007A22C /* Build configuration list for PBXNativeTarget "Netflix" */ = {
			isa = XCConfigurationList;
			buildConfigurations = (
				D15B9D5529216CA80007A22C /* Debug */,
				D15B9D5629216CA80007A22C /* Release */,
			);
			defaultConfigurationIsVisible = 0;
			defaultConfigurationName = Release;
		};
/* End XCConfigurationList section */

/* Begin XCRemoteSwiftPackageReference section */
		D15B9D86292195CF0007A22C /* XCRemoteSwiftPackageReference "Kingfisher" */ = {
			isa = XCRemoteSwiftPackageReference;
			repositoryURL = "https://github.com/onevcat/Kingfisher.git";
			requirement = {
				kind = upToNextMajorVersion;
				minimumVersion = 7.0.0;
			};
		};
/* End XCRemoteSwiftPackageReference section */

/* Begin XCSwiftPackageProductDependency section */
		D15B9D87292195CF0007A22C /* Kingfisher */ = {
			isa = XCSwiftPackageProductDependency;
			package = D15B9D86292195CF0007A22C /* XCRemoteSwiftPackageReference "Kingfisher" */;
			productName = Kingfisher;
		};
/* End XCSwiftPackageProductDependency section */
	};
	rootObject = D15B9D3829216CA50007A22C /* Project object */;
}
